// !$*UTF8*$!
{
	archiveVersion = 1;
	classes = {
	};
	objectVersion = 46;
	objects = {

/* Begin PBXBuildFile section */
		93A247C31EF3D80300A7235D /* AirportDataManager.swift in Sources */ = {isa = PBXBuildFile; fileRef = 93A247C21EF3D80300A7235D /* AirportDataManager.swift */; };
		93A247CC1EF3D89800A7235D /* libsqlite3.0.tbd in Frameworks */ = {isa = PBXBuildFile; fileRef = 93A247CB1EF3D89800A7235D /* libsqlite3.0.tbd */; };
		CAE290F31EF3D45600055C77 /* AppDelegate.swift in Sources */ = {isa = PBXBuildFile; fileRef = CAE290F21EF3D45600055C77 /* AppDelegate.swift */; };
		CAE290F51EF3D45600055C77 /* ViewController.swift in Sources */ = {isa = PBXBuildFile; fileRef = CAE290F41EF3D45600055C77 /* ViewController.swift */; };
		CAE290F81EF3D45600055C77 /* Main.storyboard in Resources */ = {isa = PBXBuildFile; fileRef = CAE290F61EF3D45600055C77 /* Main.storyboard */; };
		CAE290FA1EF3D45600055C77 /* Assets.xcassets in Resources */ = {isa = PBXBuildFile; fileRef = CAE290F91EF3D45600055C77 /* Assets.xcassets */; };
		CAE290FD1EF3D45600055C77 /* LaunchScreen.storyboard in Resources */ = {isa = PBXBuildFile; fileRef = CAE290FB1EF3D45600055C77 /* LaunchScreen.storyboard */; };
/* End PBXBuildFile section */

/* Begin PBXFileReference section */
		93A247C21EF3D80300A7235D /* AirportDataManager.swift */ = {isa = PBXFileReference; fileEncoding = 4; lastKnownFileType = sourcecode.swift; path = AirportDataManager.swift; sourceTree = "<group>"; };
		93A247C41EF3D87700A7235D /* AirportsChallange-Bridging-Header.h */ = {isa = PBXFileReference; lastKnownFileType = sourcecode.c.h; path = "AirportsChallange-Bridging-Header.h"; sourceTree = "<group>"; };
		93A247CB1EF3D89800A7235D /* libsqlite3.0.tbd */ = {isa = PBXFileReference; lastKnownFileType = "sourcecode.text-based-dylib-definition"; name = libsqlite3.0.tbd; path = usr/lib/libsqlite3.0.tbd; sourceTree = SDKROOT; };
		CAE290EF1EF3D45600055C77 /* AirportsChallange.app */ = {isa = PBXFileReference; explicitFileType = wrapper.application; includeInIndex = 0; path = AirportsChallange.app; sourceTree = BUILT_PRODUCTS_DIR; };
		CAE290F21EF3D45600055C77 /* AppDelegate.swift */ = {isa = PBXFileReference; lastKnownFileType = sourcecode.swift; path = AppDelegate.swift; sourceTree = "<group>"; };
		CAE290F41EF3D45600055C77 /* ViewController.swift */ = {isa = PBXFileReference; lastKnownFileType = sourcecode.swift; path = ViewController.swift; sourceTree = "<group>"; };
		CAE290F71EF3D45600055C77 /* Base */ = {isa = PBXFileReference; lastKnownFileType = file.storyboard; name = Base; path = Base.lproj/Main.storyboard; sourceTree = "<group>"; };
		CAE290F91EF3D45600055C77 /* Assets.xcassets */ = {isa = PBXFileReference; lastKnownFileType = folder.assetcatalog; path = Assets.xcassets; sourceTree = "<group>"; };
		CAE290FC1EF3D45600055C77 /* Base */ = {isa = PBXFileReference; lastKnownFileType = file.storyboard; name = Base; path = Base.lproj/LaunchScreen.storyboard; sourceTree = "<group>"; };
		CAE290FE1EF3D45600055C77 /* Info.plist */ = {isa = PBXFileReference; lastKnownFileType = text.plist.xml; path = Info.plist; sourceTree = "<group>"; };
/* End PBXFileReference section */

/* Begin PBXFrameworksBuildPhase section */
		CAE290EC1EF3D45600055C77 /* Frameworks */ = {
			isa = PBXFrameworksBuildPhase;
			buildActionMask = 2147483647;
			files = (
				93A247CC1EF3D89800A7235D /* libsqlite3.0.tbd in Frameworks */,
			);
			runOnlyForDeploymentPostprocessing = 0;
		};
/* End PBXFrameworksBuildPhase section */

/* Begin PBXGroup section */
		93A247CA1EF3D89800A7235D /* Frameworks */ = {
			isa = PBXGroup;
			children = (
				93A247CB1EF3D89800A7235D /* libsqlite3.0.tbd */,
			);
			name = Frameworks;
			sourceTree = "<group>";
		};
		CAE290E61EF3D45600055C77 = {
			isa = PBXGroup;
			children = (
				CAE290F11EF3D45600055C77 /* AirportsChallange */,
				CAE290F01EF3D45600055C77 /* Products */,
				93A247CA1EF3D89800A7235D /* Frameworks */,
			);
			sourceTree = "<group>";
		};
		CAE290F01EF3D45600055C77 /* Products */ = {
			isa = PBXGroup;
			children = (
				CAE290EF1EF3D45600055C77 /* AirportsChallange.app */,
			);
			name = Products;
			sourceTree = "<group>";
		};
		CAE290F11EF3D45600055C77 /* AirportsChallange */ = {
			isa = PBXGroup;
			children = (
				CAE290F21EF3D45600055C77 /* AppDelegate.swift */,
				CAE290F41EF3D45600055C77 /* ViewController.swift */,
				93A247C21EF3D80300A7235D /* AirportDataManager.swift */,
				CAE290F61EF3D45600055C77 /* Main.storyboard */,
				CAE290F91EF3D45600055C77 /* Assets.xcassets */,
				CAE290FB1EF3D45600055C77 /* LaunchScreen.storyboard */,
				CAE290FE1EF3D45600055C77 /* Info.plist */,
				93A247C41EF3D87700A7235D /* AirportsChallange-Bridging-Header.h */,
			);
			path = AirportsChallange;
			sourceTree = "<group>";
		};
/* End PBXGroup section */

/* Begin PBXNativeTarget section */
		CAE290EE1EF3D45600055C77 /* AirportsChallange */ = {
			isa = PBXNativeTarget;
			buildConfigurationList = CAE291011EF3D45600055C77 /* Build configuration list for PBXNativeTarget "AirportsChallange" */;
			buildPhases = (
				CAE290EB1EF3D45600055C77 /* Sources */,
				CAE290EC1EF3D45600055C77 /* Frameworks */,
				CAE290ED1EF3D45600055C77 /* Resources */,
			);
			buildRules = (
			);
			dependencies = (
			);
			name = AirportsChallange;
			productName = AirportsChallange;
			productReference = CAE290EF1EF3D45600055C77 /* AirportsChallange.app */;
			productType = "com.apple.product-type.application";
		};
/* End PBXNativeTarget section */

/* Begin PBXProject section */
		CAE290E71EF3D45600055C77 /* Project object */ = {
			isa = PBXProject;
			attributes = {
				LastSwiftUpdateCheck = 0830;
				LastUpgradeCheck = 0830;
				ORGANIZATIONNAME = com.honeywell;
				TargetAttributes = {
					CAE290EE1EF3D45600055C77 = {
						CreatedOnToolsVersion = 8.3;
						LastSwiftMigration = 0830;
						ProvisioningStyle = Manual;
					};
				};
			};
			buildConfigurationList = CAE290EA1EF3D45600055C77 /* Build configuration list for PBXProject "AirportsChallange" */;
			compatibilityVersion = "Xcode 3.2";
			developmentRegion = English;
			hasScannedForEncodings = 0;
			knownRegions = (
				en,
				Base,
			);
			mainGroup = CAE290E61EF3D45600055C77;
			productRefGroup = CAE290F01EF3D45600055C77 /* Products */;
			projectDirPath = "";
			projectRoot = "";
			targets = (
				CAE290EE1EF3D45600055C77 /* AirportsChallange */,
			);
		};
/* End PBXProject section */

/* Begin PBXResourcesBuildPhase section */
		CAE290ED1EF3D45600055C77 /* Resources */ = {
			isa = PBXResourcesBuildPhase;
			buildActionMask = 2147483647;
			files = (
				CAE290FD1EF3D45600055C77 /* LaunchScreen.storyboard in Resources */,
				CAE290FA1EF3D45600055C77 /* Assets.xcassets in Resources */,
				CAE290F81EF3D45600055C77 /* Main.storyboard in Resources */,
			);
			runOnlyForDeploymentPostprocessing = 0;
		};
/* End PBXResourcesBuildPhase section */

/* Begin PBXSourcesBuildPhase section */
		CAE290EB1EF3D45600055C77 /* Sources */ = {
			isa = PBXSourcesBuildPhase;
			buildActionMask = 2147483647;
			files = (
				CAE290F51EF3D45600055C77 /* ViewController.swift in Sources */,
				CAE290F31EF3D45600055C77 /* AppDelegate.swift in Sources */,
				93A247C31EF3D80300A7235D /* AirportDataManager.swift in Sources */,
			);
			runOnlyForDeploymentPostprocessing = 0;
		};
/* End PBXSourcesBuildPhase section */

/* Begin PBXVariantGroup section */
		CAE290F61EF3D45600055C77 /* Main.storyboard */ = {
			isa = PBXVariantGroup;
			children = (
				CAE290F71EF3D45600055C77 /* Base */,
			);
			name = Main.storyboard;
			sourceTree = "<group>";
		};
		CAE290FB1EF3D45600055C77 /* LaunchScreen.storyboard */ = {
			isa = PBXVariantGroup;
			children = (
				CAE290FC1EF3D45600055C77 /* Base */,
			);
			name = LaunchScreen.storyboard;
			sourceTree = "<group>";
		};
/* End PBXVariantGroup section */

/* Begin XCBuildConfiguration section */
		CAE290FF1EF3D45600055C77 /* Debug */ = {
			isa = XCBuildConfiguration;
			buildSettings = {
				ALWAYS_SEARCH_USER_PATHS = NO;
				CLANG_ANALYZER_NONNULL = YES;
				CLANG_ANALYZER_NUMBER_OBJECT_CONVERSION = YES_AGGRESSIVE;
				CLANG_CXX_LANGUAGE_STANDARD = "gnu++0x";
				CLANG_CXX_LIBRARY = "libc++";
				CLANG_ENABLE_MODULES = YES;
				CLANG_ENABLE_OBJC_ARC = YES;
				CLANG_WARN_BOOL_CONVERSION = YES;
				CLANG_WARN_CONSTANT_CONVERSION = YES;
				CLANG_WARN_DIRECT_OBJC_ISA_USAGE = YES_ERROR;
				CLANG_WARN_DOCUMENTATION_COMMENTS = YES;
				CLANG_WARN_EMPTY_BODY = YES;
				CLANG_WARN_ENUM_CONVERSION = YES;
				CLANG_WARN_INFINITE_RECURSION = YES;
				CLANG_WARN_INT_CONVERSION = YES;
				CLANG_WARN_OBJC_ROOT_CLASS = YES_ERROR;
				CLANG_WARN_SUSPICIOUS_MOVE = YES;
				CLANG_WARN_UNREACHABLE_CODE = YES;
				CLANG_WARN__DUPLICATE_METHOD_MATCH = YES;
				"CODE_SIGN_IDENTITY[sdk=iphoneos*]" = "iPhone Developer";
				COPY_PHASE_STRIP = NO;
				DEBUG_INFORMATION_FORMAT = dwarf;
				ENABLE_STRICT_OBJC_MSGSEND = YES;
				ENABLE_TESTABILITY = YES;
				GCC_C_LANGUAGE_STANDARD = gnu99;
				GCC_DYNAMIC_NO_PIC = NO;
				GCC_NO_COMMON_BLOCKS = YES;
				GCC_OPTIMIZATION_LEVEL = 0;
				GCC_PREPROCESSOR_DEFINITIONS = (
					"DEBUG=1",
					"$(inherited)",
				);
				GCC_WARN_64_TO_32_BIT_CONVERSION = YES;
				GCC_WARN_ABOUT_RETURN_TYPE = YES_ERROR;
				GCC_WARN_UNDECLARED_SELECTOR = YES;
				GCC_WARN_UNINITIALIZED_AUTOS = YES_AGGRESSIVE;
				GCC_WARN_UNUSED_FUNCTION = YES;
				GCC_WARN_UNUSED_VARIABLE = YES;
				IPHONEOS_DEPLOYMENT_TARGET = 10.3;
				MTL_ENABLE_DEBUG_INFO = YES;
				ONLY_ACTIVE_ARCH = YES;
				SDKROOT = iphoneos;
				SWIFT_ACTIVE_COMPILATION_CONDITIONS = DEBUG;
				SWIFT_OPTIMIZATION_LEVEL = "-Onone";
				TARGETED_DEVICE_FAMILY = "1,2";
			};
			name = Debug;
		};
		CAE291001EF3D45600055C77 /* Release */ = {
			isa = XCBuildConfiguration;
			buildSettings = {
				ALWAYS_SEARCH_USER_PATHS = NO;
				CLANG_ANALYZER_NONNULL = YES;
				CLANG_ANALYZER_NUMBER_OBJECT_CONVERSION = YES_AGGRESSIVE;
				CLANG_CXX_LANGUAGE_STANDARD = "gnu++0x";
				CLANG_CXX_LIBRARY = "libc++";
				CLANG_ENABLE_MODULES = YES;
				CLANG_ENABLE_OBJC_ARC = YES;
				CLANG_WARN_BOOL_CONVERSION = YES;
				CLANG_WARN_CONSTANT_CONVERSION = YES;
				CLANG_WARN_DIRECT_OBJC_ISA_USAGE = YES_ERROR;
				CLANG_WARN_DOCUMENTATION_COMMENTS = YES;
				CLANG_WARN_EMPTY_BODY = YES;
				CLANG_WARN_ENUM_CONVERSION = YES;
				CLANG_WARN_INFINITE_RECURSION = YES;
				CLANG_WARN_INT_CONVERSION = YES;
				CLANG_WARN_OBJC_ROOT_CLASS = YES_ERROR;
				CLANG_WARN_SUSPICIOUS_MOVE = YES;
				CLANG_WARN_UNREACHABLE_CODE = YES;
				CLANG_WARN__DUPLICATE_METHOD_MATCH = YES;
				"CODE_SIGN_IDENTITY[sdk=iphoneos*]" = "iPhone Developer";
				COPY_PHASE_STRIP = NO;
				DEBUG_INFORMATION_FORMAT = "dwarf-with-dsym";
				ENABLE_NS_ASSERTIONS = NO;
				ENABLE_STRICT_OBJC_MSGSEND = YES;
				GCC_C_LANGUAGE_STANDARD = gnu99;
				GCC_NO_COMMON_BLOCKS = YES;
				GCC_WARN_64_TO_32_BIT_CONVERSION = YES;
				GCC_WARN_ABOUT_RETURN_TYPE = YES_ERROR;
				GCC_WARN_UNDECLARED_SELECTOR = YES;
				GCC_WARN_UNINITIALIZED_AUTOS = YES_AGGRESSIVE;
				GCC_WARN_UNUSED_FUNCTION = YES;
				GCC_WARN_UNUSED_VARIABLE = YES;
				IPHONEOS_DEPLOYMENT_TARGET = 10.3;
				MTL_ENABLE_DEBUG_INFO = NO;
				SDKROOT = iphoneos;
				SWIFT_OPTIMIZATION_LEVEL = "-Owholemodule";
				TARGETED_DEVICE_FAMILY = "1,2";
				VALIDATE_PRODUCT = YES;
			};
			name = Release;
		};
		CAE291021EF3D45600055C77 /* Debug */ = {
			isa = XCBuildConfiguration;
			buildSettings = {
				ASSETCATALOG_COMPILER_APPICON_NAME = AppIcon;
				CLANG_ENABLE_MODULES = YES;
				DEVELOPMENT_TEAM = "";
				INFOPLIST_FILE = AirportsChallange/Info.plist;
				LD_RUNPATH_SEARCH_PATHS = "$(inherited) @executable_path/Frameworks";
				PRODUCT_BUNDLE_IDENTIFIER = Honeywell.AirportsChallange;
				PRODUCT_NAME = "$(TARGET_NAME)";
				PROVISIONING_PROFILE_SPECIFIER = "";
				SWIFT_OBJC_BRIDGING_HEADER = "AirportsChallange/AirportsChallange-Bridging-Header.h";
				SWIFT_OPTIMIZATION_LEVEL = "-Onone";
				SWIFT_VERSION = 3.0;
			};
			name = Debug;
		};
		CAE291031EF3D45600055C77 /* Release */ = {
			isa = XCBuildConfiguration;
			buildSettings = {
				ASSETCATALOG_COMPILER_APPICON_NAME = AppIcon;
				CLANG_ENABLE_MODULES = YES;
				DEVELOPMENT_TEAM = "";
				INFOPLIST_FILE = AirportsChallange/Info.plist;
				LD_RUNPATH_SEARCH_PATHS = "$(inherited) @executable_path/Frameworks";
				PRODUCT_BUNDLE_IDENTIFIER = Honeywell.AirportsChallange;
				PRODUCT_NAME = "$(TARGET_NAME)";
				PROVISIONING_PROFILE_SPECIFIER = "";
				SWIFT_OBJC_BRIDGING_HEADER = "AirportsChallange/AirportsChallange-Bridging-Header.h";
				SWIFT_VERSION = 3.0;
			};
			name = Release;
		};
/* End XCBuildConfiguration section */

/* Begin XCConfigurationList section */
		CAE290EA1EF3D45600055C77 /* Build configuration list for PBXProject "AirportsChallange" */ = {
			isa = XCConfigurationList;
			buildConfigurations = (
				CAE290FF1EF3D45600055C77 /* Debug */,
				CAE291001EF3D45600055C77 /* Release */,
			);
			defaultConfigurationIsVisible = 0;
			defaultConfigurationName = Release;
		};
		CAE291011EF3D45600055C77 /* Build configuration list for PBXNativeTarget "AirportsChallange" */ = {
			isa = XCConfigurationList;
			buildConfigurations = (
				CAE291021EF3D45600055C77 /* Debug */,
				CAE291031EF3D45600055C77 /* Release */,
			);
			defaultConfigurationIsVisible = 0;
			defaultConfigurationName = Release;
		};
/* End XCConfigurationList section */
	};
	rootObject = CAE290E71EF3D45600055C77 /* Project object */;
}
